
Microsoft Visual Studio Solution File, Format Version 12.00
# Visual Studio Version 17
VisualStudioVersion = 17.9.34728.123
MinimumVisualStudioVersion = 10.0.40219.1
Project("{2150E333-8FDC-42A3-9474-1A3956D46DE8}") = "src", "src", "{91E967A8-D3E5-4E84-80F1-4B58C2FC74EB}"
EndProject
Project("{2150E333-8FDC-42A3-9474-1A3956D46DE8}") = "Client", "Client", "{7158232B-293E-430A-82C7-139289DEBE08}"
EndProject
Project("{9A19103F-16F7-4668-BE54-9A1E7A4F7556}") = "DPWH.EDMS.Web.Server", "src\DPWH.EDMS.Web\Server\DPWH.EDMS.Web.Server.csproj", "{FAAAC269-1C27-4159-B71D-1FE97824C3C1}"
EndProject
Project("{9A19103F-16F7-4668-BE54-9A1E7A4F7556}") = "DPWH.EDMS.Web.Client", "src\DPWH.EDMS.Web\Client\DPWH.EDMS.Web.Client.csproj", "{7E4377BB-A595-4880-BAE5-FC6F700FD3A2}"
EndProject
Project("{9A19103F-16F7-4668-BE54-9A1E7A4F7556}") = "DPWH.EDMS.Components", "src\DPWH.EDMS.Components\DPWH.EDMS.Components.csproj", "{E487E34A-34C1-4328-B7EE-22171A27129F}"
EndProject
Project("{2150E333-8FDC-42A3-9474-1A3956D46DE8}") = "Api", "Api", "{0CD8FC35-18D7-4B09-ACD1-B04C0F32E13B}"
EndProject
Project("{9A19103F-16F7-4668-BE54-9A1E7A4F7556}") = "DPWH.EDMS.Api", "src\DPWH.EDMS.Api\DPWH.EDMS.Api.csproj", "{9FC68378-58FB-44F9-AD96-63E720EBAED8}"
EndProject
Project("{2150E333-8FDC-42A3-9474-1A3956D46DE8}") = "Core", "Core", "{6D7B99CC-0335-473D-B184-0DD971702994}"
EndProject
Project("{9A19103F-16F7-4668-BE54-9A1E7A4F7556}") = "DPWH.EDMS.Application", "src\DPWH.EDMS.Application\DPWH.EDMS.Application.csproj", "{45962CD2-807C-45B8-80B6-FB711482CB81}"
EndProject
Project("{9A19103F-16F7-4668-BE54-9A1E7A4F7556}") = "DPWH.EDMS.Domain", "src\DPWH.EDMS.Domain\DPWH.EDMS.Domain.csproj", "{7B204503-3E52-4324-99A5-E30CF3151E39}"
EndProject
Project("{2150E333-8FDC-42A3-9474-1A3956D46DE8}") = "Shared", "Shared", "{ED71A23B-FF2E-463E-850B-E670FD52DDB0}"
EndProject
Project("{9A19103F-16F7-4668-BE54-9A1E7A4F7556}") = "DPWH.EDMS.Shared", "src\DPWH.EDMS.Shared\DPWH.EDMS.Shared.csproj", "{06F7D976-33FF-4C30-8B8E-9CB589E03FF5}"
EndProject
Project("{9A19103F-16F7-4668-BE54-9A1E7A4F7556}") = "DPWH.EDMS.IDP.Core", "src\DPWH.EDMS.IDP.Core\DPWH.EDMS.IDP.Core.csproj", "{BD4352F1-526B-4F2D-8B6C-EB504AFBD760}"
EndProject
Project("{2150E333-8FDC-42A3-9474-1A3956D46DE8}") = "Infrastructure", "Infrastructure", "{6FE853A1-3FBF-4680-950C-9376FB34B94D}"
EndProject
Project("{9A19103F-16F7-4668-BE54-9A1E7A4F7556}") = "DPWH.EDMS.Infrastructure", "src\DPWH.EDMS.Infrastructure\DPWH.EDMS.Infrastructure.csproj", "{D45F725A-D3CC-4376-8F74-D83C7938A9F8}"
EndProject
Project("{9A19103F-16F7-4668-BE54-9A1E7A4F7556}") = "DPWH.EDMS.Client.Shared", "src\DPWH.EMDS.Shared\DPWH.EDMS.Client.Shared.csproj", "{C80F65F4-2333-4CEB-8C3E-B442B44FD4D1}"
EndProject
Global
	GlobalSection(SolutionConfigurationPlatforms) = preSolution
		Debug|Any CPU = Debug|Any CPU
		Release|Any CPU = Release|Any CPU
	EndGlobalSection
	GlobalSection(ProjectConfigurationPlatforms) = postSolution
		{FAAAC269-1C27-4159-B71D-1FE97824C3C1}.Debug|Any CPU.ActiveCfg = Debug|Any CPU
		{FAAAC269-1C27-4159-B71D-1FE97824C3C1}.Debug|Any CPU.Build.0 = Debug|Any CPU
		{FAAAC269-1C27-4159-B71D-1FE97824C3C1}.Release|Any CPU.ActiveCfg = Release|Any CPU
		{FAAAC269-1C27-4159-B71D-1FE97824C3C1}.Release|Any CPU.Build.0 = Release|Any CPU
		{7E4377BB-A595-4880-BAE5-FC6F700FD3A2}.Debug|Any CPU.ActiveCfg = Debug|Any CPU
		{7E4377BB-A595-4880-BAE5-FC6F700FD3A2}.Debug|Any CPU.Build.0 = Debug|Any CPU
		{7E4377BB-A595-4880-BAE5-FC6F700FD3A2}.Release|Any CPU.ActiveCfg = Release|Any CPU
		{7E4377BB-A595-4880-BAE5-FC6F700FD3A2}.Release|Any CPU.Build.0 = Release|Any CPU
		{E487E34A-34C1-4328-B7EE-22171A27129F}.Debug|Any CPU.ActiveCfg = Debug|Any CPU
		{E487E34A-34C1-4328-B7EE-22171A27129F}.Debug|Any CPU.Build.0 = Debug|Any CPU
		{E487E34A-34C1-4328-B7EE-22171A27129F}.Release|Any CPU.ActiveCfg = Release|Any CPU
		{E487E34A-34C1-4328-B7EE-22171A27129F}.Release|Any CPU.Build.0 = Release|Any CPU
		{9FC68378-58FB-44F9-AD96-63E720EBAED8}.Debug|Any CPU.ActiveCfg = Debug|Any CPU
		{9FC68378-58FB-44F9-AD96-63E720EBAED8}.Debug|Any CPU.Build.0 = Debug|Any CPU
		{9FC68378-58FB-44F9-AD96-63E720EBAED8}.Release|Any CPU.ActiveCfg = Release|Any CPU
		{9FC68378-58FB-44F9-AD96-63E720EBAED8}.Release|Any CPU.Build.0 = Release|Any CPU
		{45962CD2-807C-45B8-80B6-FB711482CB81}.Debug|Any CPU.ActiveCfg = Debug|Any CPU
		{45962CD2-807C-45B8-80B6-FB711482CB81}.Debug|Any CPU.Build.0 = Debug|Any CPU
		{45962CD2-807C-45B8-80B6-FB711482CB81}.Release|Any CPU.ActiveCfg = Release|Any CPU
		{45962CD2-807C-45B8-80B6-FB711482CB81}.Release|Any CPU.Build.0 = Release|Any CPU
		{7B204503-3E52-4324-99A5-E30CF3151E39}.Debug|Any CPU.ActiveCfg = Debug|Any CPU
		{7B204503-3E52-4324-99A5-E30CF3151E39}.Debug|Any CPU.Build.0 = Debug|Any CPU
		{7B204503-3E52-4324-99A5-E30CF3151E39}.Release|Any CPU.ActiveCfg = Release|Any CPU
		{7B204503-3E52-4324-99A5-E30CF3151E39}.Release|Any CPU.Build.0 = Release|Any CPU
		{06F7D976-33FF-4C30-8B8E-9CB589E03FF5}.Debug|Any CPU.ActiveCfg = Debug|Any CPU
		{06F7D976-33FF-4C30-8B8E-9CB589E03FF5}.Debug|Any CPU.Build.0 = Debug|Any CPU
		{06F7D976-33FF-4C30-8B8E-9CB589E03FF5}.Release|Any CPU.ActiveCfg = Release|Any CPU
		{06F7D976-33FF-4C30-8B8E-9CB589E03FF5}.Release|Any CPU.Build.0 = Release|Any CPU
		{BD4352F1-526B-4F2D-8B6C-EB504AFBD760}.Debug|Any CPU.ActiveCfg = Debug|Any CPU
		{BD4352F1-526B-4F2D-8B6C-EB504AFBD760}.Debug|Any CPU.Build.0 = Debug|Any CPU
		{BD4352F1-526B-4F2D-8B6C-EB504AFBD760}.Release|Any CPU.ActiveCfg = Release|Any CPU
		{BD4352F1-526B-4F2D-8B6C-EB504AFBD760}.Release|Any CPU.Build.0 = Release|Any CPU
		{D45F725A-D3CC-4376-8F74-D83C7938A9F8}.Debug|Any CPU.ActiveCfg = Debug|Any CPU
		{D45F725A-D3CC-4376-8F74-D83C7938A9F8}.Debug|Any CPU.Build.0 = Debug|Any CPU
		{D45F725A-D3CC-4376-8F74-D83C7938A9F8}.Release|Any CPU.ActiveCfg = Release|Any CPU
		{D45F725A-D3CC-4376-8F74-D83C7938A9F8}.Release|Any CPU.Build.0 = Release|Any CPU
		{C80F65F4-2333-4CEB-8C3E-B442B44FD4D1}.Debug|Any CPU.ActiveCfg = Debug|Any CPU
		{C80F65F4-2333-4CEB-8C3E-B442B44FD4D1}.Debug|Any CPU.Build.0 = Debug|Any CPU
		{C80F65F4-2333-4CEB-8C3E-B442B44FD4D1}.Release|Any CPU.ActiveCfg = Release|Any CPU
		{C80F65F4-2333-4CEB-8C3E-B442B44FD4D1}.Release|Any CPU.Build.0 = Release|Any CPU
	EndGlobalSection
	GlobalSection(SolutionProperties) = preSolution
		HideSolutionNode = FALSE
	EndGlobalSection
	GlobalSection(NestedProjects) = preSolution
		{7158232B-293E-430A-82C7-139289DEBE08} = {91E967A8-D3E5-4E84-80F1-4B58C2FC74EB}
		{FAAAC269-1C27-4159-B71D-1FE97824C3C1} = {7158232B-293E-430A-82C7-139289DEBE08}
		{7E4377BB-A595-4880-BAE5-FC6F700FD3A2} = {7158232B-293E-430A-82C7-139289DEBE08}
		{E487E34A-34C1-4328-B7EE-22171A27129F} = {7158232B-293E-430A-82C7-139289DEBE08}
		{0CD8FC35-18D7-4B09-ACD1-B04C0F32E13B} = {91E967A8-D3E5-4E84-80F1-4B58C2FC74EB}
		{9FC68378-58FB-44F9-AD96-63E720EBAED8} = {0CD8FC35-18D7-4B09-ACD1-B04C0F32E13B}
		{6D7B99CC-0335-473D-B184-0DD971702994} = {91E967A8-D3E5-4E84-80F1-4B58C2FC74EB}
		{45962CD2-807C-45B8-80B6-FB711482CB81} = {6D7B99CC-0335-473D-B184-0DD971702994}
		{7B204503-3E52-4324-99A5-E30CF3151E39} = {6D7B99CC-0335-473D-B184-0DD971702994}
		{ED71A23B-FF2E-463E-850B-E670FD52DDB0} = {91E967A8-D3E5-4E84-80F1-4B58C2FC74EB}
		{06F7D976-33FF-4C30-8B8E-9CB589E03FF5} = {ED71A23B-FF2E-463E-850B-E670FD52DDB0}
		{BD4352F1-526B-4F2D-8B6C-EB504AFBD760} = {ED71A23B-FF2E-463E-850B-E670FD52DDB0}
		{6FE853A1-3FBF-4680-950C-9376FB34B94D} = {91E967A8-D3E5-4E84-80F1-4B58C2FC74EB}
		{D45F725A-D3CC-4376-8F74-D83C7938A9F8} = {6FE853A1-3FBF-4680-950C-9376FB34B94D}
		{C80F65F4-2333-4CEB-8C3E-B442B44FD4D1} = {7158232B-293E-430A-82C7-139289DEBE08}
	EndGlobalSection
	GlobalSection(ExtensibilityGlobals) = postSolution
		SolutionGuid = {54938F8D-3930-43EF-89C2-9082C2F379E7}
	EndGlobalSection
EndGlobal
